
Microsoft Visual Studio Solution File, Format Version 12.00
# Visual Studio Version 17
VisualStudioVersion = 17.5.33530.505
MinimumVisualStudioVersion = 10.0.40219.1
Project("{8BC9CEB8-8B4A-11D0-8D11-00A0C91BC942}") = "3D_Console_Fps_Horror", "3D_Console_Fps_Horror\3D_Console_Fps_Horror.vcxproj", "{E82DDD39-7204-4EB3-B21A-014D3C19C84C}"
EndProject
Global
	GlobalSection(SolutionConfigurationPlatforms) = preSolution
		Debug|x64 = Debug|x64
		Debug|x86 = Debug|x86
		Release|x64 = Release|x64
		Release|x86 = Release|x86
	EndGlobalSection
	GlobalSection(ProjectConfigurationPlatforms) = postSolution
		{E82DDD39-7204-4EB3-B21A-014D3C19C84C}.Debug|x64.ActiveCfg = Debug|x64
		{E82DDD39-7204-4EB3-B21A-014D3C19C84C}.Debug|x64.Build.0 = Debug|x64
		{E82DDD39-7204-4EB3-B21A-014D3C19C84C}.Debug|x86.ActiveCfg = Debug|Win32
		{E82DDD39-7204-4EB3-B21A-014D3C19C84C}.Debug|x86.Build.0 = Debug|Win32
		{E82DDD39-7204-4EB3-B21A-014D3C19C84C}.Release|x64.ActiveCfg = Release|x64
		{E82DDD39-7204-4EB3-B21A-014D3C19C84C}.Release|x64.Build.0 = Release|x64
		{E82DDD39-7204-4EB3-B21A-014D3C19C84C}.Release|x86.ActiveCfg = Release|Win32
		{E82DDD39-7204-4EB3-B21A-014D3C19C84C}.Release|x86.Build.0 = Release|Win32
	EndGlobalSection
	GlobalSection(SolutionProperties) = preSolution
		HideSolutionNode = FALSE
	EndGlobalSection
	GlobalSection(ExtensibilityGlobals) = postSolution
		SolutionGuid = {E3BEF6B8-58B2-4186-B5D9-A7A4DFACAEBD}
	EndGlobalSection
EndGlobal
